
Microsoft Visual Studio Solution File, Format Version 12.00
# Visual Studio 15
VisualStudioVersion = 15.0.28307.136
MinimumVisualStudioVersion = 10.0.40219.1
Project("{FAE04EC0-301F-11D3-BF4B-00C04F79EFBC}") = "FinalTask.UITests", "PhpTravels.UITests\FinalTask.UITests.csproj", "{E2FAD534-5C0D-40FE-ACF4-157CC4F3553C}"
EndProject
Project("{FAE04EC0-301F-11D3-BF4B-00C04F79EFBC}") = "FinalTask.UIComponents", "PhpTravels.UITests.Components\FinalTask.UIComponents.csproj", "{2748B2D1-8B18-4349-9022-545D19DF26D9}"
EndProject
Project("{FAE04EC0-301F-11D3-BF4B-00C04F79EFBC}") = "FinalTask.APITests", "FinalTask.APITests\FinalTask.APITests.csproj", "{D48E1B26-CD10-419B-8472-923648D9BB3B}"
EndProject
Global
	GlobalSection(SolutionConfigurationPlatforms) = preSolution
		Debug|Any CPU = Debug|Any CPU
		Release|Any CPU = Release|Any CPU
	EndGlobalSection
	GlobalSection(ProjectConfigurationPlatforms) = postSolution
		{E2FAD534-5C0D-40FE-ACF4-157CC4F3553C}.Debug|Any CPU.ActiveCfg = Debug|Any CPU
		{E2FAD534-5C0D-40FE-ACF4-157CC4F3553C}.Debug|Any CPU.Build.0 = Debug|Any CPU
		{E2FAD534-5C0D-40FE-ACF4-157CC4F3553C}.Release|Any CPU.ActiveCfg = Release|Any CPU
		{E2FAD534-5C0D-40FE-ACF4-157CC4F3553C}.Release|Any CPU.Build.0 = Release|Any CPU
		{2748B2D1-8B18-4349-9022-545D19DF26D9}.Debug|Any CPU.ActiveCfg = Debug|Any CPU
		{2748B2D1-8B18-4349-9022-545D19DF26D9}.Debug|Any CPU.Build.0 = Debug|Any CPU
		{2748B2D1-8B18-4349-9022-545D19DF26D9}.Release|Any CPU.ActiveCfg = Release|Any CPU
		{2748B2D1-8B18-4349-9022-545D19DF26D9}.Release|Any CPU.Build.0 = Release|Any CPU
		{D48E1B26-CD10-419B-8472-923648D9BB3B}.Debug|Any CPU.ActiveCfg = Debug|Any CPU
		{D48E1B26-CD10-419B-8472-923648D9BB3B}.Debug|Any CPU.Build.0 = Debug|Any CPU
		{D48E1B26-CD10-419B-8472-923648D9BB3B}.Release|Any CPU.ActiveCfg = Release|Any CPU
		{D48E1B26-CD10-419B-8472-923648D9BB3B}.Release|Any CPU.Build.0 = Release|Any CPU
	EndGlobalSection
	GlobalSection(SolutionProperties) = preSolution
		HideSolutionNode = FALSE
	EndGlobalSection
	GlobalSection(ExtensibilityGlobals) = postSolution
		SolutionGuid = {7EBE8AFC-5531-4FDC-A163-03B330FB8ACF}
	EndGlobalSection
EndGlobal
